
Microsoft Visual Studio Solution File, Format Version 12.00
# Visual Studio Version 17
VisualStudioVersion = 17.2.32526.322
MinimumVisualStudioVersion = 10.0.40219.1
Project("{9A19103F-16F7-4668-BE54-9A1E7A4F7556}") = "CorsWebApp", "CorsWebApp.csproj", "{475D88FE-ABFF-4AE6-9FDF-C753EDB5D382}"
EndProject
Global
	GlobalSection(SolutionConfigurationPlatforms) = preSolution
		Debug|Any CPU = Debug|Any CPU
		Release|Any CPU = Release|Any CPU
	EndGlobalSection
	GlobalSection(ProjectConfigurationPlatforms) = postSolution
		{475D88FE-ABFF-4AE6-9FDF-C753EDB5D382}.Debug|Any CPU.ActiveCfg = Debug|Any CPU
		{475D88FE-ABFF-4AE6-9FDF-C753EDB5D382}.Debug|Any CPU.Build.0 = Debug|Any CPU
		{475D88FE-ABFF-4AE6-9FDF-C753EDB5D382}.Release|Any CPU.ActiveCfg = Release|Any CPU
		{475D88FE-ABFF-4AE6-9FDF-C753EDB5D382}.Release|Any CPU.Build.0 = Release|Any CPU
	EndGlobalSection
	GlobalSection(SolutionProperties) = preSolution
		HideSolutionNode = FALSE
	EndGlobalSection
	GlobalSection(ExtensibilityGlobals) = postSolution
		SolutionGuid = {49D753A4-1187-4A33-8519-581793B77BB2}
	EndGlobalSection
EndGlobal
